// !$*UTF8*$!
{
	archiveVersion = 1;
	classes = {
	};
	objectVersion = 55;
	objects = {

/* Begin PBXBuildFile section */
		F8DCE394289EFB550007A450 /* CW4App.swift in Sources */ = {isa = PBXBuildFile; fileRef = F8DCE393289EFB550007A450 /* CW4App.swift */; };
		F8DCE396289EFB550007A450 /* ContentView.swift in Sources */ = {isa = PBXBuildFile; fileRef = F8DCE395289EFB550007A450 /* ContentView.swift */; };
		F8DCE398289EFB560007A450 /* Assets.xcassets in Resources */ = {isa = PBXBuildFile; fileRef = F8DCE397289EFB560007A450 /* Assets.xcassets */; };
		F8DCE39B289EFB560007A450 /* Preview Assets.xcassets in Resources */ = {isa = PBXBuildFile; fileRef = F8DCE39A289EFB560007A450 /* Preview Assets.xcassets */; };
		F8DCE3A2289F06030007A450 /* ArefRuqaa.ttf in Resources */ = {isa = PBXBuildFile; fileRef = F8DCE3A1289F06030007A450 /* ArefRuqaa.ttf */; };
		F8DCE3A4289F06200007A450 /* FontsManager.swift in Sources */ = {isa = PBXBuildFile; fileRef = F8DCE3A3289F06200007A450 /* FontsManager.swift */; };
		F8DCE3A7289F09260007A450 /* MouseMemoirs.ttf in Resources */ = {isa = PBXBuildFile; fileRef = F8DCE3A6289F09260007A450 /* MouseMemoirs.ttf */; };
		F8DCE3A9289F09E50007A450 /* Lalezar.ttf in Resources */ = {isa = PBXBuildFile; fileRef = F8DCE3A8289F09E50007A450 /* Lalezar.ttf */; };
/* End PBXBuildFile section */

/* Begin PBXFileReference section */
		F8DCE390289EFB550007A450 /* CW4.app */ = {isa = PBXFileReference; explicitFileType = wrapper.application; includeInIndex = 0; path = CW4.app; sourceTree = BUILT_PRODUCTS_DIR; };
		F8DCE393289EFB550007A450 /* CW4App.swift */ = {isa = PBXFileReference; lastKnownFileType = sourcecode.swift; path = CW4App.swift; sourceTree = "<group>"; };
		F8DCE395289EFB550007A450 /* ContentView.swift */ = {isa = PBXFileReference; lastKnownFileType = sourcecode.swift; path = ContentView.swift; sourceTree = "<group>"; };
		F8DCE397289EFB560007A450 /* Assets.xcassets */ = {isa = PBXFileReference; lastKnownFileType = folder.assetcatalog; path = Assets.xcassets; sourceTree = "<group>"; };
		F8DCE39A289EFB560007A450 /* Preview Assets.xcassets */ = {isa = PBXFileReference; lastKnownFileType = folder.assetcatalog; path = "Preview Assets.xcassets"; sourceTree = "<group>"; };
		F8DCE3A1289F06030007A450 /* ArefRuqaa.ttf */ = {isa = PBXFileReference; lastKnownFileType = file; path = ArefRuqaa.ttf; sourceTree = "<group>"; };
		F8DCE3A3289F06200007A450 /* FontsManager.swift */ = {isa = PBXFileReference; fileEncoding = 4; lastKnownFileType = sourcecode.swift; path = FontsManager.swift; sourceTree = "<group>"; };
		F8DCE3A5289F06650007A450 /* Info.plist */ = {isa = PBXFileReference; lastKnownFileType = text.plist; path = Info.plist; sourceTree = "<group>"; };
		F8DCE3A6289F09260007A450 /* MouseMemoirs.ttf */ = {isa = PBXFileReference; lastKnownFileType = file; path = MouseMemoirs.ttf; sourceTree = "<group>"; };
		F8DCE3A8289F09E50007A450 /* Lalezar.ttf */ = {isa = PBXFileReference; lastKnownFileType = file; path = Lalezar.ttf; sourceTree = "<group>"; };
/* End PBXFileReference section */

/* Begin PBXFrameworksBuildPhase section */
		F8DCE38D289EFB550007A450 /* Frameworks */ = {
			isa = PBXFrameworksBuildPhase;
			buildActionMask = 2147483647;
			files = (
			);
			runOnlyForDeploymentPostprocessing = 0;
		};
/* End PBXFrameworksBuildPhase section */

/* Begin PBXGroup section */
		F8DCE387289EFB550007A450 = {
			isa = PBXGroup;
			children = (
				F8DCE392289EFB550007A450 /* CW4 */,
				F8DCE391289EFB550007A450 /* Products */,
			);
			sourceTree = "<group>";
		};
		F8DCE391289EFB550007A450 /* Products */ = {
			isa = PBXGroup;
			children = (
				F8DCE390289EFB550007A450 /* CW4.app */,
			);
			name = Products;
			sourceTree = "<group>";
		};
		F8DCE392289EFB550007A450 /* CW4 */ = {
			isa = PBXGroup;
			children = (
				F8DCE3A5289F06650007A450 /* Info.plist */,
				F8DCE393289EFB550007A450 /* CW4App.swift */,
				F8DCE395289EFB550007A450 /* ContentView.swift */,
				F8DCE3A1289F06030007A450 /* ArefRuqaa.ttf */,
				F8DCE3A6289F09260007A450 /* MouseMemoirs.ttf */,
				F8DCE3A8289F09E50007A450 /* Lalezar.ttf */,
				F8DCE3A3289F06200007A450 /* FontsManager.swift */,
				F8DCE397289EFB560007A450 /* Assets.xcassets */,
				F8DCE399289EFB560007A450 /* Preview Content */,
			);
			path = CW4;
			sourceTree = "<group>";
		};
		F8DCE399289EFB560007A450 /* Preview Content */ = {
			isa = PBXGroup;
			children = (
				F8DCE39A289EFB560007A450 /* Preview Assets.xcassets */,
			);
			path = "Preview Content";
			sourceTree = "<group>";
		};
/* End PBXGroup section */

/* Begin PBXNativeTarget section */
		F8DCE38F289EFB550007A450 /* CW4 */ = {
			isa = PBXNativeTarget;
			buildConfigurationList = F8DCE39E289EFB560007A450 /* Build configuration list for PBXNativeTarget "CW4" */;
			buildPhases = (
				F8DCE38C289EFB550007A450 /* Sources */,
				F8DCE38D289EFB550007A450 /* Frameworks */,
				F8DCE38E289EFB550007A450 /* Resources */,
			);
			buildRules = (
			);
			dependencies = (
			);
			name = CW4;
			productName = CW4;
			productReference = F8DCE390289EFB550007A450 /* CW4.app */;
			productType = "com.apple.product-type.application";
		};
/* End PBXNativeTarget section */

/* Begin PBXProject section */
		F8DCE388289EFB550007A450 /* Project object */ = {
			isa = PBXProject;
			attributes = {
				BuildIndependentTargetsInParallel = 1;
				LastSwiftUpdateCheck = 1340;
				LastUpgradeCheck = 1340;
				TargetAttributes = {
					F8DCE38F289EFB550007A450 = {
						CreatedOnToolsVersion = 13.4.1;
					};
				};
			};
			buildConfigurationList = F8DCE38B289EFB550007A450 /* Build configuration list for PBXProject "CW4" */;
			compatibilityVersion = "Xcode 13.0";
			developmentRegion = en;
			hasScannedForEncodings = 0;
			knownRegions = (
				en,
				Base,
			);
			mainGroup = F8DCE387289EFB550007A450;
			productRefGroup = F8DCE391289EFB550007A450 /* Products */;
			projectDirPath = "";
			projectRoot = "";
			targets = (
				F8DCE38F289EFB550007A450 /* CW4 */,
			);
		};
/* End PBXProject section */

/* Begin PBXResourcesBuildPhase section */
		F8DCE38E289EFB550007A450 /* Resources */ = {
			isa = PBXResourcesBuildPhase;
			buildActionMask = 2147483647;
			files = (
				F8DCE3A9289F09E50007A450 /* Lalezar.ttf in Resources */,
				F8DCE3A2289F06030007A450 /* ArefRuqaa.ttf in Resources */,
				F8DCE3A7289F09260007A450 /* MouseMemoirs.ttf in Resources */,
				F8DCE39B289EFB560007A450 /* Preview Assets.xcassets in Resources */,
				F8DCE398289EFB560007A450 /* Assets.xcassets in Resources */,
			);
			runOnlyForDeploymentPostprocessing = 0;
		};
/* End PBXResourcesBuildPhase section */

/* Begin PBXSourcesBuildPhase section */
		F8DCE38C289EFB550007A450 /* Sources */ = {
			isa = PBXSourcesBuildPhase;
			buildActionMask = 2147483647;
			files = (
				F8DCE3A4289F06200007A450 /* FontsManager.swift in Sources */,
				F8DCE396289EFB550007A450 /* ContentView.swift in Sources */,
				F8DCE394289EFB550007A450 /* CW4App.swift in Sources */,
			);
			runOnlyForDeploymentPostprocessing = 0;
		};
/* End PBXSourcesBuildPhase section */

/* Begin XCBuildConfiguration section */
		F8DCE39C289EFB560007A450 /* Debug */ = {
			isa = XCBuildConfiguration;
			buildSettings = {
				ALWAYS_SEARCH_USER_PATHS = NO;
				CLANG_ANALYZER_NONNULL = YES;
				CLANG_ANALYZER_NUMBER_OBJECT_CONVERSION = YES_AGGRESSIVE;
				CLANG_CXX_LANGUAGE_STANDARD = "gnu++17";
				CLANG_ENABLE_MODULES = YES;
				CLANG_ENABLE_OBJC_ARC = YES;
				CLANG_ENABLE_OBJC_WEAK = YES;
				CLANG_WARN_BLOCK_CAPTURE_AUTORELEASING = YES;
				CLANG_WARN_BOOL_CONVERSION = YES;
				CLANG_WARN_COMMA = YES;
				CLANG_WARN_CONSTANT_CONVERSION = YES;
				CLANG_WARN_DEPRECATED_OBJC_IMPLEMENTATIONS = YES;
				CLANG_WARN_DIRECT_OBJC_ISA_USAGE = YES_ERROR;
				CLANG_WARN_DOCUMENTATION_COMMENTS = YES;
				CLANG_WARN_EMPTY_BODY = YES;
				CLANG_WARN_ENUM_CONVERSION = YES;
				CLANG_WARN_INFINITE_RECURSION = YES;
				CLANG_WARN_INT_CONVERSION = YES;
				CLANG_WARN_NON_LITERAL_NULL_CONVERSION = YES;
				CLANG_WARN_OBJC_IMPLICIT_RETAIN_SELF = YES;
				CLANG_WARN_OBJC_LITERAL_CONVERSION = YES;
				CLANG_WARN_OBJC_ROOT_CLASS = YES_ERROR;
				CLANG_WARN_QUOTED_INCLUDE_IN_FRAMEWORK_HEADER = YES;
				CLANG_WARN_RANGE_LOOP_ANALYSIS = YES;
				CLANG_WARN_STRICT_PROTOTYPES = YES;
				CLANG_WARN_SUSPICIOUS_MOVE = YES;
				CLANG_WARN_UNGUARDED_AVAILABILITY = YES_AGGRESSIVE;
				CLANG_WARN_UNREACHABLE_CODE = YES;
				CLANG_WARN__DUPLICATE_METHOD_MATCH = YES;
				COPY_PHASE_STRIP = NO;
				DEBUG_INFORMATION_FORMAT = dwarf;
				ENABLE_STRICT_OBJC_MSGSEND = YES;
				ENABLE_TESTABILITY = YES;
				GCC_C_LANGUAGE_STANDARD = gnu11;
				GCC_DYNAMIC_NO_PIC = NO;
				GCC_NO_COMMON_BLOCKS = YES;
				GCC_OPTIMIZATION_LEVEL = 0;
				GCC_PREPROCESSOR_DEFINITIONS = (
					"DEBUG=1",
					"$(inherited)",
				);
				GCC_WARN_64_TO_32_BIT_CONVERSION = YES;
				GCC_WARN_ABOUT_RETURN_TYPE = YES_ERROR;
				GCC_WARN_UNDECLARED_SELECTOR = YES;
				GCC_WARN_UNINITIALIZED_AUTOS = YES_AGGRESSIVE;
				GCC_WARN_UNUSED_FUNCTION = YES;
				GCC_WARN_UNUSED_VARIABLE = YES;
				IPHONEOS_DEPLOYMENT_TARGET = 15.5;
				MTL_ENABLE_DEBUG_INFO = INCLUDE_SOURCE;
				MTL_FAST_MATH = YES;
				ONLY_ACTIVE_ARCH = YES;
				SDKROOT = iphoneos;
				SWIFT_ACTIVE_COMPILATION_CONDITIONS = DEBUG;
				SWIFT_OPTIMIZATION_LEVEL = "-Onone";
			};
			name = Debug;
		};
		F8DCE39D289EFB560007A450 /* Release */ = {
			isa = XCBuildConfiguration;
			buildSettings = {
				ALWAYS_SEARCH_USER_PATHS = NO;
				CLANG_ANALYZER_NONNULL = YES;
				CLANG_ANALYZER_NUMBER_OBJECT_CONVERSION = YES_AGGRESSIVE;
				CLANG_CXX_LANGUAGE_STANDARD = "gnu++17";
				CLANG_ENABLE_MODULES = YES;
				CLANG_ENABLE_OBJC_ARC = YES;
				CLANG_ENABLE_OBJC_WEAK = YES;
				CLANG_WARN_BLOCK_CAPTURE_AUTORELEASING = YES;
				CLANG_WARN_BOOL_CONVERSION = YES;
				CLANG_WARN_COMMA = YES;
				CLANG_WARN_CONSTANT_CONVERSION = YES;
				CLANG_WARN_DEPRECATED_OBJC_IMPLEMENTATIONS = YES;
				CLANG_WARN_DIRECT_OBJC_ISA_USAGE = YES_ERROR;
				CLANG_WARN_DOCUMENTATION_COMMENTS = YES;
				CLANG_WARN_EMPTY_BODY = YES;
				CLANG_WARN_ENUM_CONVERSION = YES;
				CLANG_WARN_INFINITE_RECURSION = YES;
				CLANG_WARN_INT_CONVERSION = YES;
				CLANG_WARN_NON_LITERAL_NULL_CONVERSION = YES;
				CLANG_WARN_OBJC_IMPLICIT_RETAIN_SELF = YES;
				CLANG_WARN_OBJC_LITERAL_CONVERSION = YES;
				CLANG_WARN_OBJC_ROOT_CLASS = YES_ERROR;
				CLANG_WARN_QUOTED_INCLUDE_IN_FRAMEWORK_HEADER = YES;
				CLANG_WARN_RANGE_LOOP_ANALYSIS = YES;
				CLANG_WARN_STRICT_PROTOTYPES = YES;
				CLANG_WARN_SUSPICIOUS_MOVE = YES;
				CLANG_WARN_UNGUARDED_AVAILABILITY = YES_AGGRESSIVE;
				CLANG_WARN_UNREACHABLE_CODE = YES;
				CLANG_WARN__DUPLICATE_METHOD_MATCH = YES;
				COPY_PHASE_STRIP = NO;
				DEBUG_INFORMATION_FORMAT = "dwarf-with-dsym";
				ENABLE_NS_ASSERTIONS = NO;
				ENABLE_STRICT_OBJC_MSGSEND = YES;
				GCC_C_LANGUAGE_STANDARD = gnu11;
				GCC_NO_COMMON_BLOCKS = YES;
				GCC_WARN_64_TO_32_BIT_CONVERSION = YES;
				GCC_WARN_ABOUT_RETURN_TYPE = YES_ERROR;
				GCC_WARN_UNDECLARED_SELECTOR = YES;
				GCC_WARN_UNINITIALIZED_AUTOS = YES_AGGRESSIVE;
				GCC_WARN_UNUSED_FUNCTION = YES;
				GCC_WARN_UNUSED_VARIABLE = YES;
				IPHONEOS_DEPLOYMENT_TARGET = 15.5;
				MTL_ENABLE_DEBUG_INFO = NO;
				MTL_FAST_MATH = YES;
				SDKROOT = iphoneos;
				SWIFT_COMPILATION_MODE = wholemodule;
				SWIFT_OPTIMIZATION_LEVEL = "-O";
				VALIDATE_PRODUCT = YES;
			};
			name = Release;
		};
		F8DCE39F289EFB560007A450 /* Debug */ = {
			isa = XCBuildConfiguration;
			buildSettings = {
				ASSETCATALOG_COMPILER_APPICON_NAME = AppIcon;
				ASSETCATALOG_COMPILER_GLOBAL_ACCENT_COLOR_NAME = AccentColor;
				CODE_SIGN_STYLE = Automatic;
				CURRENT_PROJECT_VERSION = 1;
				DEVELOPMENT_ASSET_PATHS = "\"CW4/Preview Content\"";
				ENABLE_PREVIEWS = YES;
				GENERATE_INFOPLIST_FILE = YES;
				INFOPLIST_FILE = CW4/Info.plist;
				INFOPLIST_KEY_UIApplicationSceneManifest_Generation = YES;
				INFOPLIST_KEY_UIApplicationSupportsIndirectInputEvents = YES;
				INFOPLIST_KEY_UILaunchScreen_Generation = YES;
				INFOPLIST_KEY_UISupportedInterfaceOrientations_iPad = "UIInterfaceOrientationPortrait UIInterfaceOrientationPortraitUpsideDown UIInterfaceOrientationLandscapeLeft UIInterfaceOrientationLandscapeRight";
				INFOPLIST_KEY_UISupportedInterfaceOrientations_iPhone = "UIInterfaceOrientationPortrait UIInterfaceOrientationLandscapeLeft UIInterfaceOrientationLandscapeRight";
				LD_RUNPATH_SEARCH_PATHS = (
					"$(inherited)",
					"@executable_path/Frameworks",
				);
				MARKETING_VERSION = 1.0;
				PRODUCT_BUNDLE_IDENTIFIER = com.sedraasrawi.CW4;
				PRODUCT_NAME = "$(TARGET_NAME)";
				SWIFT_EMIT_LOC_STRINGS = YES;
				SWIFT_VERSION = 5.0;
				TARGETED_DEVICE_FAMILY = "1,2";
			};
			name = Debug;
		};
		F8DCE3A0289EFB560007A450 /* Release */ = {
			isa = XCBuildConfiguration;
			buildSettings = {
				ASSETCATALOG_COMPILER_APPICON_NAME = AppIcon;
				ASSETCATALOG_COMPILER_GLOBAL_ACCENT_COLOR_NAME = AccentColor;
				CODE_SIGN_STYLE = Automatic;
				CURRENT_PROJECT_VERSION = 1;
				DEVELOPMENT_ASSET_PATHS = "\"CW4/Preview Content\"";
				ENABLE_PREVIEWS = YES;
				GENERATE_INFOPLIST_FILE = YES;
				INFOPLIST_FILE = CW4/Info.plist;
				INFOPLIST_KEY_UIApplicationSceneManifest_Generation = YES;
				INFOPLIST_KEY_UIApplicationSupportsIndirectInputEvents = YES;
				INFOPLIST_KEY_UILaunchScreen_Generation = YES;
				INFOPLIST_KEY_UISupportedInterfaceOrientations_iPad = "UIInterfaceOrientationPortrait UIInterfaceOrientationPortraitUpsideDown UIInterfaceOrientationLandscapeLeft UIInterfaceOrientationLandscapeRight";
				INFOPLIST_KEY_UISupportedInterfaceOrientations_iPhone = "UIInterfaceOrientationPortrait UIInterfaceOrientationLandscapeLeft UIInterfaceOrientationLandscapeRight";
				LD_RUNPATH_SEARCH_PATHS = (
					"$(inherited)",
					"@executable_path/Frameworks",
				);
				MARKETING_VERSION = 1.0;
				PRODUCT_BUNDLE_IDENTIFIER = com.sedraasrawi.CW4;
				PRODUCT_NAME = "$(TARGET_NAME)";
				SWIFT_EMIT_LOC_STRINGS = YES;
				SWIFT_VERSION = 5.0;
				TARGETED_DEVICE_FAMILY = "1,2";
			};
			name = Release;
		};
/* End XCBuildConfiguration section */

/* Begin XCConfigurationList section */
		F8DCE38B289EFB550007A450 /* Build configuration list for PBXProject "CW4" */ = {
			isa = XCConfigurationList;
			buildConfigurations = (
				F8DCE39C289EFB560007A450 /* Debug */,
				F8DCE39D289EFB560007A450 /* Release */,
			);
			defaultConfigurationIsVisible = 0;
			defaultConfigurationName = Release;
		};
		F8DCE39E289EFB560007A450 /* Build configuration list for PBXNativeTarget "CW4" */ = {
			isa = XCConfigurationList;
			buildConfigurations = (
				F8DCE39F289EFB560007A450 /* Debug */,
				F8DCE3A0289EFB560007A450 /* Release */,
			);
			defaultConfigurationIsVisible = 0;
			defaultConfigurationName = Release;
		};
/* End XCConfigurationList section */
	};
	rootObject = F8DCE388289EFB550007A450 /* Project object */;
}
